
Microsoft Visual Studio Solution File, Format Version 12.00
# Visual Studio Version 17
VisualStudioVersion = 17.13.35806.99 d17.13
MinimumVisualStudioVersion = 10.0.40219.1
Project("{FAE04EC0-301F-11D3-BF4B-00C04F79EFBC}") = "interviewdb", "interviewdb.csproj", "{AF464479-D9F0-471C-A79C-ED4B364965D8}"
EndProject
Global
	GlobalSection(SolutionConfigurationPlatforms) = preSolution
		Debug|Any CPU = Debug|Any CPU
		Release|Any CPU = Release|Any CPU
	EndGlobalSection
	GlobalSection(ProjectConfigurationPlatforms) = postSolution
		{AF464479-D9F0-471C-A79C-ED4B364965D8}.Debug|Any CPU.ActiveCfg = Debug|Any CPU
		{AF464479-D9F0-471C-A79C-ED4B364965D8}.Debug|Any CPU.Build.0 = Debug|Any CPU
		{AF464479-D9F0-471C-A79C-ED4B364965D8}.Release|Any CPU.ActiveCfg = Release|Any CPU
		{AF464479-D9F0-471C-A79C-ED4B364965D8}.Release|Any CPU.Build.0 = Release|Any CPU
	EndGlobalSection
	GlobalSection(SolutionProperties) = preSolution
		HideSolutionNode = FALSE
	EndGlobalSection
	GlobalSection(ExtensibilityGlobals) = postSolution
		SolutionGuid = {F38F9CD6-9FA0-4768-9AC6-80EE01BF5B84}
	EndGlobalSection
EndGlobal
